
Microsoft Visual Studio Solution File, Format Version 12.00
# Visual Studio Version 17
VisualStudioVersion = 17.6.33815.320
MinimumVisualStudioVersion = 10.0.40219.1
Project("{9A19103F-16F7-4668-BE54-9A1E7A4F7556}") = "InventoryManagementSytem", "InventoryManagementSytem\InventoryManagementSytem.csproj", "{6C56AA18-F414-44EA-BC62-40470FAECBE1}"
EndProject
Project("{9A19103F-16F7-4668-BE54-9A1E7A4F7556}") = "InventoryManagementSystem.Infrastructure", "InventoryManagementSystem.Infrastructure\InventoryManagementSystem.Infrastructure.csproj", "{1C72E77C-1A8B-4E3F-8493-9A460B53EE7C}"
EndProject
Project("{9A19103F-16F7-4668-BE54-9A1E7A4F7556}") = "InventoryManagementSystem.API", "InventoryManagementSystem.API\InventoryManagementSystem.API.csproj", "{253A06B6-EC12-4485-8EA5-F75D75E020E7}"
EndProject
Project("{9A19103F-16F7-4668-BE54-9A1E7A4F7556}") = "InventoryManagementSystem.Domain", "InventoryManagementSystem.Domain\InventoryManagementSystem.Domain.csproj", "{7BEAF24F-ECB0-447B-8BDC-521034FF1AD2}"
EndProject
Project("{9A19103F-16F7-4668-BE54-9A1E7A4F7556}") = "InventoryManagementSystem.Application", "InventoryManagementSystem.Application\InventoryManagementSystem.Application.csproj", "{06911F01-A2CC-480A-A441-5A3D11CB9C6C}"
EndProject
Project("{FAE04EC0-301F-11D3-BF4B-00C04F79EFBC}") = "InventoryManagementSystem.API.Tests", "Tests\InventoryManagementSystem.API.Tests\InventoryManagementSystem.API.Tests.csproj", "{0D84846B-4F06-4E5F-B529-A766D64A48EC}"
EndProject
Project("{FAE04EC0-301F-11D3-BF4B-00C04F79EFBC}") = "InventoryManagementSystem.Application.Tests", "Tests\InventoryManagementSystem.Application.Tests\InventoryManagementSystem.Application.Tests.csproj", "{115206C0-A207-4F68-8D01-4F09BBAF82B3}"
EndProject
Project("{FAE04EC0-301F-11D3-BF4B-00C04F79EFBC}") = "InventoryManagementSystem.Infastructure.Tests", "Tests\InventoryManagementSystem.Infastructure.Tests\InventoryManagementSystem.Infastructure.Tests.csproj", "{257DC96B-4A5F-4AF2-8FEC-9224C2E2AFDF}"
EndProject
Project("{FAE04EC0-301F-11D3-BF4B-00C04F79EFBC}") = "InventoryManagementSystem.Web.Tests", "Tests\InventoryManagementSystem.Web.Tests\InventoryManagementSystem.Web.Tests.csproj", "{BADD88D0-A36D-466D-B790-DB00F4D912A5}"
EndProject
Global
	GlobalSection(SolutionConfigurationPlatforms) = preSolution
		Debug|Any CPU = Debug|Any CPU
		Release|Any CPU = Release|Any CPU
	EndGlobalSection
	GlobalSection(ProjectConfigurationPlatforms) = postSolution
		{6C56AA18-F414-44EA-BC62-40470FAECBE1}.Debug|Any CPU.ActiveCfg = Debug|Any CPU
		{6C56AA18-F414-44EA-BC62-40470FAECBE1}.Debug|Any CPU.Build.0 = Debug|Any CPU
		{6C56AA18-F414-44EA-BC62-40470FAECBE1}.Release|Any CPU.ActiveCfg = Release|Any CPU
		{6C56AA18-F414-44EA-BC62-40470FAECBE1}.Release|Any CPU.Build.0 = Release|Any CPU
		{1C72E77C-1A8B-4E3F-8493-9A460B53EE7C}.Debug|Any CPU.ActiveCfg = Debug|Any CPU
		{1C72E77C-1A8B-4E3F-8493-9A460B53EE7C}.Debug|Any CPU.Build.0 = Debug|Any CPU
		{1C72E77C-1A8B-4E3F-8493-9A460B53EE7C}.Release|Any CPU.ActiveCfg = Release|Any CPU
		{1C72E77C-1A8B-4E3F-8493-9A460B53EE7C}.Release|Any CPU.Build.0 = Release|Any CPU
		{253A06B6-EC12-4485-8EA5-F75D75E020E7}.Debug|Any CPU.ActiveCfg = Debug|Any CPU
		{253A06B6-EC12-4485-8EA5-F75D75E020E7}.Debug|Any CPU.Build.0 = Debug|Any CPU
		{253A06B6-EC12-4485-8EA5-F75D75E020E7}.Release|Any CPU.ActiveCfg = Release|Any CPU
		{253A06B6-EC12-4485-8EA5-F75D75E020E7}.Release|Any CPU.Build.0 = Release|Any CPU
		{7BEAF24F-ECB0-447B-8BDC-521034FF1AD2}.Debug|Any CPU.ActiveCfg = Debug|Any CPU
		{7BEAF24F-ECB0-447B-8BDC-521034FF1AD2}.Debug|Any CPU.Build.0 = Debug|Any CPU
		{7BEAF24F-ECB0-447B-8BDC-521034FF1AD2}.Release|Any CPU.ActiveCfg = Release|Any CPU
		{7BEAF24F-ECB0-447B-8BDC-521034FF1AD2}.Release|Any CPU.Build.0 = Release|Any CPU
		{06911F01-A2CC-480A-A441-5A3D11CB9C6C}.Debug|Any CPU.ActiveCfg = Debug|Any CPU
		{06911F01-A2CC-480A-A441-5A3D11CB9C6C}.Debug|Any CPU.Build.0 = Debug|Any CPU
		{06911F01-A2CC-480A-A441-5A3D11CB9C6C}.Release|Any CPU.ActiveCfg = Release|Any CPU
		{06911F01-A2CC-480A-A441-5A3D11CB9C6C}.Release|Any CPU.Build.0 = Release|Any CPU
		{0D84846B-4F06-4E5F-B529-A766D64A48EC}.Debug|Any CPU.ActiveCfg = Debug|Any CPU
		{0D84846B-4F06-4E5F-B529-A766D64A48EC}.Debug|Any CPU.Build.0 = Debug|Any CPU
		{0D84846B-4F06-4E5F-B529-A766D64A48EC}.Release|Any CPU.ActiveCfg = Release|Any CPU
		{0D84846B-4F06-4E5F-B529-A766D64A48EC}.Release|Any CPU.Build.0 = Release|Any CPU
		{115206C0-A207-4F68-8D01-4F09BBAF82B3}.Debug|Any CPU.ActiveCfg = Debug|Any CPU
		{115206C0-A207-4F68-8D01-4F09BBAF82B3}.Debug|Any CPU.Build.0 = Debug|Any CPU
		{115206C0-A207-4F68-8D01-4F09BBAF82B3}.Release|Any CPU.ActiveCfg = Release|Any CPU
		{115206C0-A207-4F68-8D01-4F09BBAF82B3}.Release|Any CPU.Build.0 = Release|Any CPU
		{257DC96B-4A5F-4AF2-8FEC-9224C2E2AFDF}.Debug|Any CPU.ActiveCfg = Debug|Any CPU
		{257DC96B-4A5F-4AF2-8FEC-9224C2E2AFDF}.Debug|Any CPU.Build.0 = Debug|Any CPU
		{257DC96B-4A5F-4AF2-8FEC-9224C2E2AFDF}.Release|Any CPU.ActiveCfg = Release|Any CPU
		{257DC96B-4A5F-4AF2-8FEC-9224C2E2AFDF}.Release|Any CPU.Build.0 = Release|Any CPU
		{BADD88D0-A36D-466D-B790-DB00F4D912A5}.Debug|Any CPU.ActiveCfg = Debug|Any CPU
		{BADD88D0-A36D-466D-B790-DB00F4D912A5}.Debug|Any CPU.Build.0 = Debug|Any CPU
		{BADD88D0-A36D-466D-B790-DB00F4D912A5}.Release|Any CPU.ActiveCfg = Release|Any CPU
		{BADD88D0-A36D-466D-B790-DB00F4D912A5}.Release|Any CPU.Build.0 = Release|Any CPU
	EndGlobalSection
	GlobalSection(SolutionProperties) = preSolution
		HideSolutionNode = FALSE
	EndGlobalSection
	GlobalSection(ExtensibilityGlobals) = postSolution
		SolutionGuid = {70BA4CA2-F20B-4A80-AB69-D5CAE0CC5E99}
	EndGlobalSection
EndGlobal
